// !$*UTF8*$!
{
	archiveVersion = 1;
	classes = {
	};
	objectVersion = 51;
	objects = {

/* Begin PBXBuildFile section */
		1E973E2AEA1356A169B05426 /* Pods_CurrencyConverterTests.framework in Frameworks */ = {isa = PBXBuildFile; fileRef = 9DAD2BDCE81D5D93633FAC34 /* Pods_CurrencyConverterTests.framework */; };
		5772ACE078C84D8BA97F18A3 /* Pods_CurrencyConverter.framework in Frameworks */ = {isa = PBXBuildFile; fileRef = F33503512D2326A83BD960A1 /* Pods_CurrencyConverter.framework */; };
		592D32D826F2084F00E7A053 /* AppDelegate.swift in Sources */ = {isa = PBXBuildFile; fileRef = 592D32D726F2084F00E7A053 /* AppDelegate.swift */; };
		592D32DA26F2084F00E7A053 /* SceneDelegate.swift in Sources */ = {isa = PBXBuildFile; fileRef = 592D32D926F2084F00E7A053 /* SceneDelegate.swift */; };
		592D32E126F2085100E7A053 /* Assets.xcassets in Resources */ = {isa = PBXBuildFile; fileRef = 592D32E026F2085100E7A053 /* Assets.xcassets */; };
		592D32E426F2085100E7A053 /* LaunchScreen.storyboard in Resources */ = {isa = PBXBuildFile; fileRef = 592D32E226F2085100E7A053 /* LaunchScreen.storyboard */; };
		592D32EF26F2085100E7A053 /* CurrencyConverterTests.swift in Sources */ = {isa = PBXBuildFile; fileRef = 592D32EE26F2085100E7A053 /* CurrencyConverterTests.swift */; };
		592D32FA26F2085200E7A053 /* CurrencyConverterUITests.swift in Sources */ = {isa = PBXBuildFile; fileRef = 592D32F926F2085200E7A053 /* CurrencyConverterUITests.swift */; };
		592D330926F2090B00E7A053 /* CurrencyConversionMainViewController.swift in Sources */ = {isa = PBXBuildFile; fileRef = 592D330726F2090B00E7A053 /* CurrencyConversionMainViewController.swift */; };
		592D330A26F2090B00E7A053 /* CurrencyConversionMainViewController.xib in Resources */ = {isa = PBXBuildFile; fileRef = 592D330826F2090B00E7A053 /* CurrencyConversionMainViewController.xib */; };
		592D331026F20BD800E7A053 /* ApiClient.swift in Sources */ = {isa = PBXBuildFile; fileRef = 592D330D26F20BD800E7A053 /* ApiClient.swift */; };
		592D331126F20BD800E7A053 /* ApiRouter.swift in Sources */ = {isa = PBXBuildFile; fileRef = 592D330E26F20BD800E7A053 /* ApiRouter.swift */; };
		592D331226F20BD800E7A053 /* NetworkConstants.swift in Sources */ = {isa = PBXBuildFile; fileRef = 592D330F26F20BD800E7A053 /* NetworkConstants.swift */; };
		592D331426F20C5400E7A053 /* currencyEnum.swift in Sources */ = {isa = PBXBuildFile; fileRef = 592D331326F20C5400E7A053 /* currencyEnum.swift */; };
		592D331726F20EBA00E7A053 /* CurrencyModel.swift in Sources */ = {isa = PBXBuildFile; fileRef = 592D331626F20EBA00E7A053 /* CurrencyModel.swift */; };
		592D331A26F20F9500E7A053 /* CurrencyConversionViewModel.swift in Sources */ = {isa = PBXBuildFile; fileRef = 592D331926F20F9400E7A053 /* CurrencyConversionViewModel.swift */; };
		592D331E26F23D5700E7A053 /* CustomeError.swift in Sources */ = {isa = PBXBuildFile; fileRef = 592D331D26F23D5600E7A053 /* CustomeError.swift */; };
		592D332A26F3647B00E7A053 /* CurrencyValidator.swift in Sources */ = {isa = PBXBuildFile; fileRef = 592D332926F3647B00E7A053 /* CurrencyValidator.swift */; };
		A048E5D180117ABD237B4142 /* Pods_CurrencyConverter_CurrencyConverterUITests.framework in Frameworks */ = {isa = PBXBuildFile; fileRef = A477206EDF275DB1DCACEF40 /* Pods_CurrencyConverter_CurrencyConverterUITests.framework */; };
/* End PBXBuildFile section */

/* Begin PBXContainerItemProxy section */
		592D32EB26F2085100E7A053 /* PBXContainerItemProxy */ = {
			isa = PBXContainerItemProxy;
			containerPortal = 592D32CC26F2084F00E7A053 /* Project object */;
			proxyType = 1;
			remoteGlobalIDString = 592D32D326F2084F00E7A053;
			remoteInfo = CurrencyConverter;
		};
		592D32F626F2085200E7A053 /* PBXContainerItemProxy */ = {
			isa = PBXContainerItemProxy;
			containerPortal = 592D32CC26F2084F00E7A053 /* Project object */;
			proxyType = 1;
			remoteGlobalIDString = 592D32D326F2084F00E7A053;
			remoteInfo = CurrencyConverter;
		};
/* End PBXContainerItemProxy section */

/* Begin PBXFileReference section */
		16E5B2702D8C0E1C88013267 /* Pods-CurrencyConverter.debug.xcconfig */ = {isa = PBXFileReference; includeInIndex = 1; lastKnownFileType = text.xcconfig; name = "Pods-CurrencyConverter.debug.xcconfig"; path = "Target Support Files/Pods-CurrencyConverter/Pods-CurrencyConverter.debug.xcconfig"; sourceTree = "<group>"; };
		1A5D5A9A1A5BB4BABD0D1F02 /* Pods-CurrencyConverter-CurrencyConverterUITests.debug.xcconfig */ = {isa = PBXFileReference; includeInIndex = 1; lastKnownFileType = text.xcconfig; name = "Pods-CurrencyConverter-CurrencyConverterUITests.debug.xcconfig"; path = "Target Support Files/Pods-CurrencyConverter-CurrencyConverterUITests/Pods-CurrencyConverter-CurrencyConverterUITests.debug.xcconfig"; sourceTree = "<group>"; };
		306BE757285AD1702094D07E /* Pods-CurrencyConverterTests.release.xcconfig */ = {isa = PBXFileReference; includeInIndex = 1; lastKnownFileType = text.xcconfig; name = "Pods-CurrencyConverterTests.release.xcconfig"; path = "Target Support Files/Pods-CurrencyConverterTests/Pods-CurrencyConverterTests.release.xcconfig"; sourceTree = "<group>"; };
		394161FB2B78AF9439E28C82 /* Pods-CurrencyConverterTests.debug.xcconfig */ = {isa = PBXFileReference; includeInIndex = 1; lastKnownFileType = text.xcconfig; name = "Pods-CurrencyConverterTests.debug.xcconfig"; path = "Target Support Files/Pods-CurrencyConverterTests/Pods-CurrencyConverterTests.debug.xcconfig"; sourceTree = "<group>"; };
		592D32D426F2084F00E7A053 /* CurrencyConverter.app */ = {isa = PBXFileReference; explicitFileType = wrapper.application; includeInIndex = 0; path = CurrencyConverter.app; sourceTree = BUILT_PRODUCTS_DIR; };
		592D32D726F2084F00E7A053 /* AppDelegate.swift */ = {isa = PBXFileReference; lastKnownFileType = sourcecode.swift; path = AppDelegate.swift; sourceTree = "<group>"; };
		592D32D926F2084F00E7A053 /* SceneDelegate.swift */ = {isa = PBXFileReference; lastKnownFileType = sourcecode.swift; path = SceneDelegate.swift; sourceTree = "<group>"; };
		592D32E026F2085100E7A053 /* Assets.xcassets */ = {isa = PBXFileReference; lastKnownFileType = folder.assetcatalog; path = Assets.xcassets; sourceTree = "<group>"; };
		592D32E326F2085100E7A053 /* Base */ = {isa = PBXFileReference; lastKnownFileType = file.storyboard; name = Base; path = Base.lproj/LaunchScreen.storyboard; sourceTree = "<group>"; };
		592D32E526F2085100E7A053 /* Info.plist */ = {isa = PBXFileReference; lastKnownFileType = text.plist.xml; path = Info.plist; sourceTree = "<group>"; };
		592D32EA26F2085100E7A053 /* CurrencyConverterTests.xctest */ = {isa = PBXFileReference; explicitFileType = wrapper.cfbundle; includeInIndex = 0; path = CurrencyConverterTests.xctest; sourceTree = BUILT_PRODUCTS_DIR; };
		592D32EE26F2085100E7A053 /* CurrencyConverterTests.swift */ = {isa = PBXFileReference; lastKnownFileType = sourcecode.swift; path = CurrencyConverterTests.swift; sourceTree = "<group>"; };
		592D32F026F2085100E7A053 /* Info.plist */ = {isa = PBXFileReference; lastKnownFileType = text.plist.xml; path = Info.plist; sourceTree = "<group>"; };
		592D32F526F2085200E7A053 /* CurrencyConverterUITests.xctest */ = {isa = PBXFileReference; explicitFileType = wrapper.cfbundle; includeInIndex = 0; path = CurrencyConverterUITests.xctest; sourceTree = BUILT_PRODUCTS_DIR; };
		592D32F926F2085200E7A053 /* CurrencyConverterUITests.swift */ = {isa = PBXFileReference; lastKnownFileType = sourcecode.swift; path = CurrencyConverterUITests.swift; sourceTree = "<group>"; };
		592D32FB26F2085200E7A053 /* Info.plist */ = {isa = PBXFileReference; lastKnownFileType = text.plist.xml; path = Info.plist; sourceTree = "<group>"; };
		592D330726F2090B00E7A053 /* CurrencyConversionMainViewController.swift */ = {isa = PBXFileReference; lastKnownFileType = sourcecode.swift; path = CurrencyConversionMainViewController.swift; sourceTree = "<group>"; };
		592D330826F2090B00E7A053 /* CurrencyConversionMainViewController.xib */ = {isa = PBXFileReference; lastKnownFileType = file.xib; path = CurrencyConversionMainViewController.xib; sourceTree = "<group>"; };
		592D330D26F20BD800E7A053 /* ApiClient.swift */ = {isa = PBXFileReference; fileEncoding = 4; lastKnownFileType = sourcecode.swift; path = ApiClient.swift; sourceTree = "<group>"; };
		592D330E26F20BD800E7A053 /* ApiRouter.swift */ = {isa = PBXFileReference; fileEncoding = 4; lastKnownFileType = sourcecode.swift; path = ApiRouter.swift; sourceTree = "<group>"; };
		592D330F26F20BD800E7A053 /* NetworkConstants.swift */ = {isa = PBXFileReference; fileEncoding = 4; lastKnownFileType = sourcecode.swift; path = NetworkConstants.swift; sourceTree = "<group>"; };
		592D331326F20C5400E7A053 /* currencyEnum.swift */ = {isa = PBXFileReference; lastKnownFileType = sourcecode.swift; path = currencyEnum.swift; sourceTree = "<group>"; };
		592D331626F20EBA00E7A053 /* CurrencyModel.swift */ = {isa = PBXFileReference; lastKnownFileType = sourcecode.swift; path = CurrencyModel.swift; sourceTree = "<group>"; };
		592D331926F20F9400E7A053 /* CurrencyConversionViewModel.swift */ = {isa = PBXFileReference; lastKnownFileType = sourcecode.swift; path = CurrencyConversionViewModel.swift; sourceTree = "<group>"; };
		592D331D26F23D5600E7A053 /* CustomeError.swift */ = {isa = PBXFileReference; lastKnownFileType = sourcecode.swift; path = CustomeError.swift; sourceTree = "<group>"; };
		592D332926F3647B00E7A053 /* CurrencyValidator.swift */ = {isa = PBXFileReference; lastKnownFileType = sourcecode.swift; path = CurrencyValidator.swift; sourceTree = "<group>"; };
		7F510FB1CE9E19B42811A0E3 /* Pods-CurrencyConverter.release.xcconfig */ = {isa = PBXFileReference; includeInIndex = 1; lastKnownFileType = text.xcconfig; name = "Pods-CurrencyConverter.release.xcconfig"; path = "Target Support Files/Pods-CurrencyConverter/Pods-CurrencyConverter.release.xcconfig"; sourceTree = "<group>"; };
		9DAD2BDCE81D5D93633FAC34 /* Pods_CurrencyConverterTests.framework */ = {isa = PBXFileReference; explicitFileType = wrapper.framework; includeInIndex = 0; path = Pods_CurrencyConverterTests.framework; sourceTree = BUILT_PRODUCTS_DIR; };
		A477206EDF275DB1DCACEF40 /* Pods_CurrencyConverter_CurrencyConverterUITests.framework */ = {isa = PBXFileReference; explicitFileType = wrapper.framework; includeInIndex = 0; path = Pods_CurrencyConverter_CurrencyConverterUITests.framework; sourceTree = BUILT_PRODUCTS_DIR; };
		F33503512D2326A83BD960A1 /* Pods_CurrencyConverter.framework */ = {isa = PBXFileReference; explicitFileType = wrapper.framework; includeInIndex = 0; path = Pods_CurrencyConverter.framework; sourceTree = BUILT_PRODUCTS_DIR; };
		FC5C7C4C20F80014EC0FD717 /* Pods-CurrencyConverter-CurrencyConverterUITests.release.xcconfig */ = {isa = PBXFileReference; includeInIndex = 1; lastKnownFileType = text.xcconfig; name = "Pods-CurrencyConverter-CurrencyConverterUITests.release.xcconfig"; path = "Target Support Files/Pods-CurrencyConverter-CurrencyConverterUITests/Pods-CurrencyConverter-CurrencyConverterUITests.release.xcconfig"; sourceTree = "<group>"; };
/* End PBXFileReference section */

/* Begin PBXFrameworksBuildPhase section */
		592D32D126F2084F00E7A053 /* Frameworks */ = {
			isa = PBXFrameworksBuildPhase;
			buildActionMask = 2147483647;
			files = (
				5772ACE078C84D8BA97F18A3 /* Pods_CurrencyConverter.framework in Frameworks */,
			);
			runOnlyForDeploymentPostprocessing = 0;
		};
		592D32E726F2085100E7A053 /* Frameworks */ = {
			isa = PBXFrameworksBuildPhase;
			buildActionMask = 2147483647;
			files = (
				1E973E2AEA1356A169B05426 /* Pods_CurrencyConverterTests.framework in Frameworks */,
			);
			runOnlyForDeploymentPostprocessing = 0;
		};
		592D32F226F2085200E7A053 /* Frameworks */ = {
			isa = PBXFrameworksBuildPhase;
			buildActionMask = 2147483647;
			files = (
				A048E5D180117ABD237B4142 /* Pods_CurrencyConverter_CurrencyConverterUITests.framework in Frameworks */,
			);
			runOnlyForDeploymentPostprocessing = 0;
		};
/* End PBXFrameworksBuildPhase section */

/* Begin PBXGroup section */
		592D32CB26F2084F00E7A053 = {
			isa = PBXGroup;
			children = (
				592D32D626F2084F00E7A053 /* CurrencyConverter */,
				592D32ED26F2085100E7A053 /* CurrencyConverterTests */,
				592D32F826F2085200E7A053 /* CurrencyConverterUITests */,
				592D32D526F2084F00E7A053 /* Products */,
				597F45EA374265BFFEF14370 /* Pods */,
				AE765AD3EB5DBF141E6461D0 /* Frameworks */,
			);
			sourceTree = "<group>";
		};
		592D32D526F2084F00E7A053 /* Products */ = {
			isa = PBXGroup;
			children = (
				592D32D426F2084F00E7A053 /* CurrencyConverter.app */,
				592D32EA26F2085100E7A053 /* CurrencyConverterTests.xctest */,
				592D32F526F2085200E7A053 /* CurrencyConverterUITests.xctest */,
			);
			name = Products;
			sourceTree = "<group>";
		};
		592D32D626F2084F00E7A053 /* CurrencyConverter */ = {
			isa = PBXGroup;
			children = (
				592D332726F3645E00E7A053 /* Helpers */,
				592D331C26F2122C00E7A053 /* View */,
				592D331B26F2111500E7A053 /* ViewController */,
				592D331826F20F6300E7A053 /* ViewModel */,
				592D331526F20EA900E7A053 /* Model */,
				592D330C26F20BCB00E7A053 /* Networking */,
				592D32D726F2084F00E7A053 /* AppDelegate.swift */,
				592D32D926F2084F00E7A053 /* SceneDelegate.swift */,
				592D32E026F2085100E7A053 /* Assets.xcassets */,
				592D32E226F2085100E7A053 /* LaunchScreen.storyboard */,
				592D32E526F2085100E7A053 /* Info.plist */,
				592D331326F20C5400E7A053 /* currencyEnum.swift */,
			);
			path = CurrencyConverter;
			sourceTree = "<group>";
		};
		592D32ED26F2085100E7A053 /* CurrencyConverterTests */ = {
			isa = PBXGroup;
			children = (
				592D32EE26F2085100E7A053 /* CurrencyConverterTests.swift */,
				592D32F026F2085100E7A053 /* Info.plist */,
			);
			path = CurrencyConverterTests;
			sourceTree = "<group>";
		};
		592D32F826F2085200E7A053 /* CurrencyConverterUITests */ = {
			isa = PBXGroup;
			children = (
				592D32F926F2085200E7A053 /* CurrencyConverterUITests.swift */,
				592D32FB26F2085200E7A053 /* Info.plist */,
			);
			path = CurrencyConverterUITests;
			sourceTree = "<group>";
		};
		592D330C26F20BCB00E7A053 /* Networking */ = {
			isa = PBXGroup;
			children = (
				592D330D26F20BD800E7A053 /* ApiClient.swift */,
				592D330E26F20BD800E7A053 /* ApiRouter.swift */,
				592D330F26F20BD800E7A053 /* NetworkConstants.swift */,
			);
			path = Networking;
			sourceTree = "<group>";
		};
		592D331526F20EA900E7A053 /* Model */ = {
			isa = PBXGroup;
			children = (
				592D331626F20EBA00E7A053 /* CurrencyModel.swift */,
				592D331D26F23D5600E7A053 /* CustomeError.swift */,
			);
			path = Model;
			sourceTree = "<group>";
		};
		592D331826F20F6300E7A053 /* ViewModel */ = {
			isa = PBXGroup;
			children = (
				592D331926F20F9400E7A053 /* CurrencyConversionViewModel.swift */,
			);
			path = ViewModel;
			sourceTree = "<group>";
		};
		592D331B26F2111500E7A053 /* ViewController */ = {
			isa = PBXGroup;
			children = (
				592D330726F2090B00E7A053 /* CurrencyConversionMainViewController.swift */,
			);
			path = ViewController;
			sourceTree = "<group>";
		};
		592D331C26F2122C00E7A053 /* View */ = {
			isa = PBXGroup;
			children = (
				592D330826F2090B00E7A053 /* CurrencyConversionMainViewController.xib */,
			);
			path = View;
			sourceTree = "<group>";
		};
		592D332726F3645E00E7A053 /* Helpers */ = {
			isa = PBXGroup;
			children = (
				592D332926F3647B00E7A053 /* CurrencyValidator.swift */,
			);
			path = Helpers;
			sourceTree = "<group>";
		};
		597F45EA374265BFFEF14370 /* Pods */ = {
			isa = PBXGroup;
			children = (
				16E5B2702D8C0E1C88013267 /* Pods-CurrencyConverter.debug.xcconfig */,
				7F510FB1CE9E19B42811A0E3 /* Pods-CurrencyConverter.release.xcconfig */,
				1A5D5A9A1A5BB4BABD0D1F02 /* Pods-CurrencyConverter-CurrencyConverterUITests.debug.xcconfig */,
				FC5C7C4C20F80014EC0FD717 /* Pods-CurrencyConverter-CurrencyConverterUITests.release.xcconfig */,
				394161FB2B78AF9439E28C82 /* Pods-CurrencyConverterTests.debug.xcconfig */,
				306BE757285AD1702094D07E /* Pods-CurrencyConverterTests.release.xcconfig */,
			);
			path = Pods;
			sourceTree = "<group>";
		};
		AE765AD3EB5DBF141E6461D0 /* Frameworks */ = {
			isa = PBXGroup;
			children = (
				F33503512D2326A83BD960A1 /* Pods_CurrencyConverter.framework */,
				A477206EDF275DB1DCACEF40 /* Pods_CurrencyConverter_CurrencyConverterUITests.framework */,
				9DAD2BDCE81D5D93633FAC34 /* Pods_CurrencyConverterTests.framework */,
			);
			name = Frameworks;
			sourceTree = "<group>";
		};
/* End PBXGroup section */

/* Begin PBXNativeTarget section */
		592D32D326F2084F00E7A053 /* CurrencyConverter */ = {
			isa = PBXNativeTarget;
			buildConfigurationList = 592D32FE26F2085200E7A053 /* Build configuration list for PBXNativeTarget "CurrencyConverter" */;
			buildPhases = (
				F8E723001EDEB451D5D9D112 /* [CP] Check Pods Manifest.lock */,
				592D32D026F2084F00E7A053 /* Sources */,
				592D32D126F2084F00E7A053 /* Frameworks */,
				592D32D226F2084F00E7A053 /* Resources */,
				41EEB97DA806AB7718F5FF9D /* [CP] Embed Pods Frameworks */,
				592D330B26F20AF000E7A053 /* ShellScript */,
			);
			buildRules = (
			);
			dependencies = (
			);
			name = CurrencyConverter;
			productName = CurrencyConverter;
			productReference = 592D32D426F2084F00E7A053 /* CurrencyConverter.app */;
			productType = "com.apple.product-type.application";
		};
		592D32E926F2085100E7A053 /* CurrencyConverterTests */ = {
			isa = PBXNativeTarget;
			buildConfigurationList = 592D330126F2085200E7A053 /* Build configuration list for PBXNativeTarget "CurrencyConverterTests" */;
			buildPhases = (
				C9FAD6887BE0441EDAA31790 /* [CP] Check Pods Manifest.lock */,
				592D32E626F2085100E7A053 /* Sources */,
				592D32E726F2085100E7A053 /* Frameworks */,
				592D32E826F2085100E7A053 /* Resources */,
			);
			buildRules = (
			);
			dependencies = (
				592D32EC26F2085100E7A053 /* PBXTargetDependency */,
			);
			name = CurrencyConverterTests;
			productName = CurrencyConverterTests;
			productReference = 592D32EA26F2085100E7A053 /* CurrencyConverterTests.xctest */;
			productType = "com.apple.product-type.bundle.unit-test";
		};
		592D32F426F2085200E7A053 /* CurrencyConverterUITests */ = {
			isa = PBXNativeTarget;
			buildConfigurationList = 592D330426F2085200E7A053 /* Build configuration list for PBXNativeTarget "CurrencyConverterUITests" */;
			buildPhases = (
				F3A3BF90B08E911FA9F2F0AF /* [CP] Check Pods Manifest.lock */,
				592D32F126F2085200E7A053 /* Sources */,
				592D32F226F2085200E7A053 /* Frameworks */,
				592D32F326F2085200E7A053 /* Resources */,
				6BBD7464AD503E448E0C921E /* [CP] Embed Pods Frameworks */,
			);
			buildRules = (
			);
			dependencies = (
				592D32F726F2085200E7A053 /* PBXTargetDependency */,
			);
			name = CurrencyConverterUITests;
			productName = CurrencyConverterUITests;
			productReference = 592D32F526F2085200E7A053 /* CurrencyConverterUITests.xctest */;
			productType = "com.apple.product-type.bundle.ui-testing";
		};
/* End PBXNativeTarget section */

/* Begin PBXProject section */
		592D32CC26F2084F00E7A053 /* Project object */ = {
			isa = PBXProject;
			attributes = {
				LastSwiftUpdateCheck = 1250;
				LastUpgradeCheck = 1250;
				TargetAttributes = {
					592D32D326F2084F00E7A053 = {
						CreatedOnToolsVersion = 12.5.1;
					};
					592D32E926F2085100E7A053 = {
						CreatedOnToolsVersion = 12.5.1;
						TestTargetID = 592D32D326F2084F00E7A053;
					};
					592D32F426F2085200E7A053 = {
						CreatedOnToolsVersion = 12.5.1;
						TestTargetID = 592D32D326F2084F00E7A053;
					};
				};
			};
			buildConfigurationList = 592D32CF26F2084F00E7A053 /* Build configuration list for PBXProject "CurrencyConverter" */;
			compatibilityVersion = "Xcode 9.3";
			developmentRegion = en;
			hasScannedForEncodings = 0;
			knownRegions = (
				en,
				Base,
			);
			mainGroup = 592D32CB26F2084F00E7A053;
			productRefGroup = 592D32D526F2084F00E7A053 /* Products */;
			projectDirPath = "";
			projectRoot = "";
			targets = (
				592D32D326F2084F00E7A053 /* CurrencyConverter */,
				592D32E926F2085100E7A053 /* CurrencyConverterTests */,
				592D32F426F2085200E7A053 /* CurrencyConverterUITests */,
			);
		};
/* End PBXProject section */

/* Begin PBXResourcesBuildPhase section */
		592D32D226F2084F00E7A053 /* Resources */ = {
			isa = PBXResourcesBuildPhase;
			buildActionMask = 2147483647;
			files = (
				592D32E426F2085100E7A053 /* LaunchScreen.storyboard in Resources */,
				592D330A26F2090B00E7A053 /* CurrencyConversionMainViewController.xib in Resources */,
				592D32E126F2085100E7A053 /* Assets.xcassets in Resources */,
			);
			runOnlyForDeploymentPostprocessing = 0;
		};
		592D32E826F2085100E7A053 /* Resources */ = {
			isa = PBXResourcesBuildPhase;
			buildActionMask = 2147483647;
			files = (
			);
			runOnlyForDeploymentPostprocessing = 0;
		};
		592D32F326F2085200E7A053 /* Resources */ = {
			isa = PBXResourcesBuildPhase;
			buildActionMask = 2147483647;
			files = (
			);
			runOnlyForDeploymentPostprocessing = 0;
		};
/* End PBXResourcesBuildPhase section */

/* Begin PBXShellScriptBuildPhase section */
		41EEB97DA806AB7718F5FF9D /* [CP] Embed Pods Frameworks */ = {
			isa = PBXShellScriptBuildPhase;
			buildActionMask = 2147483647;
			files = (
			);
			inputFileListPaths = (
				"${PODS_ROOT}/Target Support Files/Pods-CurrencyConverter/Pods-CurrencyConverter-frameworks-${CONFIGURATION}-input-files.xcfilelist",
			);
			name = "[CP] Embed Pods Frameworks";
			outputFileListPaths = (
				"${PODS_ROOT}/Target Support Files/Pods-CurrencyConverter/Pods-CurrencyConverter-frameworks-${CONFIGURATION}-output-files.xcfilelist",
			);
			runOnlyForDeploymentPostprocessing = 0;
			shellPath = /bin/sh;
			shellScript = "\"${PODS_ROOT}/Target Support Files/Pods-CurrencyConverter/Pods-CurrencyConverter-frameworks.sh\"\n";
			showEnvVarsInLog = 0;
		};
		592D330B26F20AF000E7A053 /* ShellScript */ = {
			isa = PBXShellScriptBuildPhase;
			buildActionMask = 2147483647;
			files = (
			);
			inputFileListPaths = (
			);
			inputPaths = (
			);
			outputFileListPaths = (
			);
			outputPaths = (
			);
			runOnlyForDeploymentPostprocessing = 0;
			shellPath = /bin/sh;
			shellScript = "if which swiftlint >/dev/null; then\n  swiftlint\nelse\n  echo \"warning: SwiftLint not installed, download from https://github.com/realm/SwiftLint\"\nfi\n";
		};
		6BBD7464AD503E448E0C921E /* [CP] Embed Pods Frameworks */ = {
			isa = PBXShellScriptBuildPhase;
			buildActionMask = 2147483647;
			files = (
			);
			inputFileListPaths = (
				"${PODS_ROOT}/Target Support Files/Pods-CurrencyConverter-CurrencyConverterUITests/Pods-CurrencyConverter-CurrencyConverterUITests-frameworks-${CONFIGURATION}-input-files.xcfilelist",
			);
			name = "[CP] Embed Pods Frameworks";
			outputFileListPaths = (
				"${PODS_ROOT}/Target Support Files/Pods-CurrencyConverter-CurrencyConverterUITests/Pods-CurrencyConverter-CurrencyConverterUITests-frameworks-${CONFIGURATION}-output-files.xcfilelist",
			);
			runOnlyForDeploymentPostprocessing = 0;
			shellPath = /bin/sh;
			shellScript = "\"${PODS_ROOT}/Target Support Files/Pods-CurrencyConverter-CurrencyConverterUITests/Pods-CurrencyConverter-CurrencyConverterUITests-frameworks.sh\"\n";
			showEnvVarsInLog = 0;
		};
		C9FAD6887BE0441EDAA31790 /* [CP] Check Pods Manifest.lock */ = {
			isa = PBXShellScriptBuildPhase;
			buildActionMask = 2147483647;
			files = (
			);
			inputFileListPaths = (
			);
			inputPaths = (
				"${PODS_PODFILE_DIR_PATH}/Podfile.lock",
				"${PODS_ROOT}/Manifest.lock",
			);
			name = "[CP] Check Pods Manifest.lock";
			outputFileListPaths = (
			);
			outputPaths = (
				"$(DERIVED_FILE_DIR)/Pods-CurrencyConverterTests-checkManifestLockResult.txt",
			);
			runOnlyForDeploymentPostprocessing = 0;
			shellPath = /bin/sh;
			shellScript = "diff \"${PODS_PODFILE_DIR_PATH}/Podfile.lock\" \"${PODS_ROOT}/Manifest.lock\" > /dev/null\nif [ $? != 0 ] ; then\n    # print error to STDERR\n    echo \"error: The sandbox is not in sync with the Podfile.lock. Run 'pod install' or update your CocoaPods installation.\" >&2\n    exit 1\nfi\n# This output is used by Xcode 'outputs' to avoid re-running this script phase.\necho \"SUCCESS\" > \"${SCRIPT_OUTPUT_FILE_0}\"\n";
			showEnvVarsInLog = 0;
		};
		F3A3BF90B08E911FA9F2F0AF /* [CP] Check Pods Manifest.lock */ = {
			isa = PBXShellScriptBuildPhase;
			buildActionMask = 2147483647;
			files = (
			);
			inputFileListPaths = (
			);
			inputPaths = (
				"${PODS_PODFILE_DIR_PATH}/Podfile.lock",
				"${PODS_ROOT}/Manifest.lock",
			);
			name = "[CP] Check Pods Manifest.lock";
			outputFileListPaths = (
			);
			outputPaths = (
				"$(DERIVED_FILE_DIR)/Pods-CurrencyConverter-CurrencyConverterUITests-checkManifestLockResult.txt",
			);
			runOnlyForDeploymentPostprocessing = 0;
			shellPath = /bin/sh;
			shellScript = "diff \"${PODS_PODFILE_DIR_PATH}/Podfile.lock\" \"${PODS_ROOT}/Manifest.lock\" > /dev/null\nif [ $? != 0 ] ; then\n    # print error to STDERR\n    echo \"error: The sandbox is not in sync with the Podfile.lock. Run 'pod install' or update your CocoaPods installation.\" >&2\n    exit 1\nfi\n# This output is used by Xcode 'outputs' to avoid re-running this script phase.\necho \"SUCCESS\" > \"${SCRIPT_OUTPUT_FILE_0}\"\n";
			showEnvVarsInLog = 0;
		};
		F8E723001EDEB451D5D9D112 /* [CP] Check Pods Manifest.lock */ = {
			isa = PBXShellScriptBuildPhase;
			buildActionMask = 2147483647;
			files = (
			);
			inputFileListPaths = (
			);
			inputPaths = (
				"${PODS_PODFILE_DIR_PATH}/Podfile.lock",
				"${PODS_ROOT}/Manifest.lock",
			);
			name = "[CP] Check Pods Manifest.lock";
			outputFileListPaths = (
			);
			outputPaths = (
				"$(DERIVED_FILE_DIR)/Pods-CurrencyConverter-checkManifestLockResult.txt",
			);
			runOnlyForDeploymentPostprocessing = 0;
			shellPath = /bin/sh;
			shellScript = "diff \"${PODS_PODFILE_DIR_PATH}/Podfile.lock\" \"${PODS_ROOT}/Manifest.lock\" > /dev/null\nif [ $? != 0 ] ; then\n    # print error to STDERR\n    echo \"error: The sandbox is not in sync with the Podfile.lock. Run 'pod install' or update your CocoaPods installation.\" >&2\n    exit 1\nfi\n# This output is used by Xcode 'outputs' to avoid re-running this script phase.\necho \"SUCCESS\" > \"${SCRIPT_OUTPUT_FILE_0}\"\n";
			showEnvVarsInLog = 0;
		};
/* End PBXShellScriptBuildPhase section */

/* Begin PBXSourcesBuildPhase section */
		592D32D026F2084F00E7A053 /* Sources */ = {
			isa = PBXSourcesBuildPhase;
			buildActionMask = 2147483647;
			files = (
				592D331226F20BD800E7A053 /* NetworkConstants.swift in Sources */,
				592D330926F2090B00E7A053 /* CurrencyConversionMainViewController.swift in Sources */,
				592D331726F20EBA00E7A053 /* CurrencyModel.swift in Sources */,
				592D331A26F20F9500E7A053 /* CurrencyConversionViewModel.swift in Sources */,
				592D32D826F2084F00E7A053 /* AppDelegate.swift in Sources */,
				592D331126F20BD800E7A053 /* ApiRouter.swift in Sources */,
				592D331426F20C5400E7A053 /* currencyEnum.swift in Sources */,
				592D332A26F3647B00E7A053 /* CurrencyValidator.swift in Sources */,
				592D331E26F23D5700E7A053 /* CustomeError.swift in Sources */,
				592D32DA26F2084F00E7A053 /* SceneDelegate.swift in Sources */,
				592D331026F20BD800E7A053 /* ApiClient.swift in Sources */,
			);
			runOnlyForDeploymentPostprocessing = 0;
		};
		592D32E626F2085100E7A053 /* Sources */ = {
			isa = PBXSourcesBuildPhase;
			buildActionMask = 2147483647;
			files = (
				592D32EF26F2085100E7A053 /* CurrencyConverterTests.swift in Sources */,
			);
			runOnlyForDeploymentPostprocessing = 0;
		};
		592D32F126F2085200E7A053 /* Sources */ = {
			isa = PBXSourcesBuildPhase;
			buildActionMask = 2147483647;
			files = (
				592D32FA26F2085200E7A053 /* CurrencyConverterUITests.swift in Sources */,
			);
			runOnlyForDeploymentPostprocessing = 0;
		};
/* End PBXSourcesBuildPhase section */

/* Begin PBXTargetDependency section */
		592D32EC26F2085100E7A053 /* PBXTargetDependency */ = {
			isa = PBXTargetDependency;
			target = 592D32D326F2084F00E7A053 /* CurrencyConverter */;
			targetProxy = 592D32EB26F2085100E7A053 /* PBXContainerItemProxy */;
		};
		592D32F726F2085200E7A053 /* PBXTargetDependency */ = {
			isa = PBXTargetDependency;
			target = 592D32D326F2084F00E7A053 /* CurrencyConverter */;
			targetProxy = 592D32F626F2085200E7A053 /* PBXContainerItemProxy */;
		};
/* End PBXTargetDependency section */

/* Begin PBXVariantGroup section */
		592D32E226F2085100E7A053 /* LaunchScreen.storyboard */ = {
			isa = PBXVariantGroup;
			children = (
				592D32E326F2085100E7A053 /* Base */,
			);
			name = LaunchScreen.storyboard;
			sourceTree = "<group>";
		};
/* End PBXVariantGroup section */

/* Begin XCBuildConfiguration section */
		592D32FC26F2085200E7A053 /* Debug */ = {
			isa = XCBuildConfiguration;
			buildSettings = {
				ALWAYS_SEARCH_USER_PATHS = NO;
				CLANG_ANALYZER_NONNULL = YES;
				CLANG_ANALYZER_NUMBER_OBJECT_CONVERSION = YES_AGGRESSIVE;
				CLANG_CXX_LANGUAGE_STANDARD = "gnu++14";
				CLANG_CXX_LIBRARY = "libc++";
				CLANG_ENABLE_MODULES = YES;
				CLANG_ENABLE_OBJC_ARC = YES;
				CLANG_ENABLE_OBJC_WEAK = YES;
				CLANG_WARN_BLOCK_CAPTURE_AUTORELEASING = YES;
				CLANG_WARN_BOOL_CONVERSION = YES;
				CLANG_WARN_COMMA = YES;
				CLANG_WARN_CONSTANT_CONVERSION = YES;
				CLANG_WARN_DEPRECATED_OBJC_IMPLEMENTATIONS = YES;
				CLANG_WARN_DIRECT_OBJC_ISA_USAGE = YES_ERROR;
				CLANG_WARN_DOCUMENTATION_COMMENTS = YES;
				CLANG_WARN_EMPTY_BODY = YES;
				CLANG_WARN_ENUM_CONVERSION = YES;
				CLANG_WARN_INFINITE_RECURSION = YES;
				CLANG_WARN_INT_CONVERSION = YES;
				CLANG_WARN_NON_LITERAL_NULL_CONVERSION = YES;
				CLANG_WARN_OBJC_IMPLICIT_RETAIN_SELF = YES;
				CLANG_WARN_OBJC_LITERAL_CONVERSION = YES;
				CLANG_WARN_OBJC_ROOT_CLASS = YES_ERROR;
				CLANG_WARN_QUOTED_INCLUDE_IN_FRAMEWORK_HEADER = YES;
				CLANG_WARN_RANGE_LOOP_ANALYSIS = YES;
				CLANG_WARN_STRICT_PROTOTYPES = YES;
				CLANG_WARN_SUSPICIOUS_MOVE = YES;
				CLANG_WARN_UNGUARDED_AVAILABILITY = YES_AGGRESSIVE;
				CLANG_WARN_UNREACHABLE_CODE = YES;
				CLANG_WARN__DUPLICATE_METHOD_MATCH = YES;
				COPY_PHASE_STRIP = NO;
				DEBUG_INFORMATION_FORMAT = dwarf;
				ENABLE_STRICT_OBJC_MSGSEND = YES;
				ENABLE_TESTABILITY = YES;
				GCC_C_LANGUAGE_STANDARD = gnu11;
				GCC_DYNAMIC_NO_PIC = NO;
				GCC_NO_COMMON_BLOCKS = YES;
				GCC_OPTIMIZATION_LEVEL = 0;
				GCC_PREPROCESSOR_DEFINITIONS = (
					"DEBUG=1",
					"$(inherited)",
				);
				GCC_WARN_64_TO_32_BIT_CONVERSION = YES;
				GCC_WARN_ABOUT_RETURN_TYPE = YES_ERROR;
				GCC_WARN_UNDECLARED_SELECTOR = YES;
				GCC_WARN_UNINITIALIZED_AUTOS = YES_AGGRESSIVE;
				GCC_WARN_UNUSED_FUNCTION = YES;
				GCC_WARN_UNUSED_VARIABLE = YES;
				IPHONEOS_DEPLOYMENT_TARGET = 14.5;
				MTL_ENABLE_DEBUG_INFO = INCLUDE_SOURCE;
				MTL_FAST_MATH = YES;
				ONLY_ACTIVE_ARCH = YES;
				SDKROOT = iphoneos;
				SWIFT_ACTIVE_COMPILATION_CONDITIONS = DEBUG;
				SWIFT_OPTIMIZATION_LEVEL = "-Onone";
			};
			name = Debug;
		};
		592D32FD26F2085200E7A053 /* Release */ = {
			isa = XCBuildConfiguration;
			buildSettings = {
				ALWAYS_SEARCH_USER_PATHS = NO;
				CLANG_ANALYZER_NONNULL = YES;
				CLANG_ANALYZER_NUMBER_OBJECT_CONVERSION = YES_AGGRESSIVE;
				CLANG_CXX_LANGUAGE_STANDARD = "gnu++14";
				CLANG_CXX_LIBRARY = "libc++";
				CLANG_ENABLE_MODULES = YES;
				CLANG_ENABLE_OBJC_ARC = YES;
				CLANG_ENABLE_OBJC_WEAK = YES;
				CLANG_WARN_BLOCK_CAPTURE_AUTORELEASING = YES;
				CLANG_WARN_BOOL_CONVERSION = YES;
				CLANG_WARN_COMMA = YES;
				CLANG_WARN_CONSTANT_CONVERSION = YES;
				CLANG_WARN_DEPRECATED_OBJC_IMPLEMENTATIONS = YES;
				CLANG_WARN_DIRECT_OBJC_ISA_USAGE = YES_ERROR;
				CLANG_WARN_DOCUMENTATION_COMMENTS = YES;
				CLANG_WARN_EMPTY_BODY = YES;
				CLANG_WARN_ENUM_CONVERSION = YES;
				CLANG_WARN_INFINITE_RECURSION = YES;
				CLANG_WARN_INT_CONVERSION = YES;
				CLANG_WARN_NON_LITERAL_NULL_CONVERSION = YES;
				CLANG_WARN_OBJC_IMPLICIT_RETAIN_SELF = YES;
				CLANG_WARN_OBJC_LITERAL_CONVERSION = YES;
				CLANG_WARN_OBJC_ROOT_CLASS = YES_ERROR;
				CLANG_WARN_QUOTED_INCLUDE_IN_FRAMEWORK_HEADER = YES;
				CLANG_WARN_RANGE_LOOP_ANALYSIS = YES;
				CLANG_WARN_STRICT_PROTOTYPES = YES;
				CLANG_WARN_SUSPICIOUS_MOVE = YES;
				CLANG_WARN_UNGUARDED_AVAILABILITY = YES_AGGRESSIVE;
				CLANG_WARN_UNREACHABLE_CODE = YES;
				CLANG_WARN__DUPLICATE_METHOD_MATCH = YES;
				COPY_PHASE_STRIP = NO;
				DEBUG_INFORMATION_FORMAT = "dwarf-with-dsym";
				ENABLE_NS_ASSERTIONS = NO;
				ENABLE_STRICT_OBJC_MSGSEND = YES;
				GCC_C_LANGUAGE_STANDARD = gnu11;
				GCC_NO_COMMON_BLOCKS = YES;
				GCC_WARN_64_TO_32_BIT_CONVERSION = YES;
				GCC_WARN_ABOUT_RETURN_TYPE = YES_ERROR;
				GCC_WARN_UNDECLARED_SELECTOR = YES;
				GCC_WARN_UNINITIALIZED_AUTOS = YES_AGGRESSIVE;
				GCC_WARN_UNUSED_FUNCTION = YES;
				GCC_WARN_UNUSED_VARIABLE = YES;
				IPHONEOS_DEPLOYMENT_TARGET = 14.5;
				MTL_ENABLE_DEBUG_INFO = NO;
				MTL_FAST_MATH = YES;
				SDKROOT = iphoneos;
				SWIFT_COMPILATION_MODE = wholemodule;
				SWIFT_OPTIMIZATION_LEVEL = "-O";
				VALIDATE_PRODUCT = YES;
			};
			name = Release;
		};
		592D32FF26F2085200E7A053 /* Debug */ = {
			isa = XCBuildConfiguration;
			baseConfigurationReference = 16E5B2702D8C0E1C88013267 /* Pods-CurrencyConverter.debug.xcconfig */;
			buildSettings = {
				ASSETCATALOG_COMPILER_APPICON_NAME = AppIcon;
				ASSETCATALOG_COMPILER_GLOBAL_ACCENT_COLOR_NAME = AccentColor;
				CODE_SIGN_STYLE = Automatic;
				DEVELOPMENT_TEAM = Y8LWPD3RV8;
				INFOPLIST_FILE = CurrencyConverter/Info.plist;
				LD_RUNPATH_SEARCH_PATHS = (
					"$(inherited)",
					"@executable_path/Frameworks",
				);
				PRODUCT_BUNDLE_IDENTIFIER = com.dozzan.CurrencyConverter;
				PRODUCT_NAME = "$(TARGET_NAME)";
				SWIFT_VERSION = 5.0;
				TARGETED_DEVICE_FAMILY = "1,2";
			};
			name = Debug;
		};
		592D330026F2085200E7A053 /* Release */ = {
			isa = XCBuildConfiguration;
			baseConfigurationReference = 7F510FB1CE9E19B42811A0E3 /* Pods-CurrencyConverter.release.xcconfig */;
			buildSettings = {
				ASSETCATALOG_COMPILER_APPICON_NAME = AppIcon;
				ASSETCATALOG_COMPILER_GLOBAL_ACCENT_COLOR_NAME = AccentColor;
				CODE_SIGN_STYLE = Automatic;
				DEVELOPMENT_TEAM = Y8LWPD3RV8;
				INFOPLIST_FILE = CurrencyConverter/Info.plist;
				LD_RUNPATH_SEARCH_PATHS = (
					"$(inherited)",
					"@executable_path/Frameworks",
				);
				PRODUCT_BUNDLE_IDENTIFIER = com.dozzan.CurrencyConverter;
				PRODUCT_NAME = "$(TARGET_NAME)";
				SWIFT_VERSION = 5.0;
				TARGETED_DEVICE_FAMILY = "1,2";
			};
			name = Release;
		};
		592D330226F2085200E7A053 /* Debug */ = {
			isa = XCBuildConfiguration;
			baseConfigurationReference = 394161FB2B78AF9439E28C82 /* Pods-CurrencyConverterTests.debug.xcconfig */;
			buildSettings = {
				ALWAYS_EMBED_SWIFT_STANDARD_LIBRARIES = YES;
				BUNDLE_LOADER = "$(TEST_HOST)";
				CODE_SIGN_STYLE = Automatic;
				DEVELOPMENT_TEAM = Y8LWPD3RV8;
				INFOPLIST_FILE = CurrencyConverterTests/Info.plist;
				IPHONEOS_DEPLOYMENT_TARGET = 14.5;
				LD_RUNPATH_SEARCH_PATHS = (
					"$(inherited)",
					"@executable_path/Frameworks",
					"@loader_path/Frameworks",
				);
				PRODUCT_BUNDLE_IDENTIFIER = com.dozzan.CurrencyConverterTests;
				PRODUCT_NAME = "$(TARGET_NAME)";
				SWIFT_VERSION = 5.0;
				TARGETED_DEVICE_FAMILY = "1,2";
				TEST_HOST = "$(BUILT_PRODUCTS_DIR)/CurrencyConverter.app/CurrencyConverter";
			};
			name = Debug;
		};
		592D330326F2085200E7A053 /* Release */ = {
			isa = XCBuildConfiguration;
			baseConfigurationReference = 306BE757285AD1702094D07E /* Pods-CurrencyConverterTests.release.xcconfig */;
			buildSettings = {
				ALWAYS_EMBED_SWIFT_STANDARD_LIBRARIES = YES;
				BUNDLE_LOADER = "$(TEST_HOST)";
				CODE_SIGN_STYLE = Automatic;
				DEVELOPMENT_TEAM = Y8LWPD3RV8;
				INFOPLIST_FILE = CurrencyConverterTests/Info.plist;
				IPHONEOS_DEPLOYMENT_TARGET = 14.5;
				LD_RUNPATH_SEARCH_PATHS = (
					"$(inherited)",
					"@executable_path/Frameworks",
					"@loader_path/Frameworks",
				);
				PRODUCT_BUNDLE_IDENTIFIER = com.dozzan.CurrencyConverterTests;
				PRODUCT_NAME = "$(TARGET_NAME)";
				SWIFT_VERSION = 5.0;
				TARGETED_DEVICE_FAMILY = "1,2";
				TEST_HOST = "$(BUILT_PRODUCTS_DIR)/CurrencyConverter.app/CurrencyConverter";
			};
			name = Release;
		};
		592D330526F2085200E7A053 /* Debug */ = {
			isa = XCBuildConfiguration;
			baseConfigurationReference = 1A5D5A9A1A5BB4BABD0D1F02 /* Pods-CurrencyConverter-CurrencyConverterUITests.debug.xcconfig */;
			buildSettings = {
				ALWAYS_EMBED_SWIFT_STANDARD_LIBRARIES = YES;
				CODE_SIGN_STYLE = Automatic;
				DEVELOPMENT_TEAM = Y8LWPD3RV8;
				INFOPLIST_FILE = CurrencyConverterUITests/Info.plist;
				LD_RUNPATH_SEARCH_PATHS = (
					"$(inherited)",
					"@executable_path/Frameworks",
					"@loader_path/Frameworks",
				);
				PRODUCT_BUNDLE_IDENTIFIER = com.dozzan.CurrencyConverterUITests;
				PRODUCT_NAME = "$(TARGET_NAME)";
				SWIFT_VERSION = 5.0;
				TARGETED_DEVICE_FAMILY = "1,2";
				TEST_TARGET_NAME = CurrencyConverter;
			};
			name = Debug;
		};
		592D330626F2085200E7A053 /* Release */ = {
			isa = XCBuildConfiguration;
			baseConfigurationReference = FC5C7C4C20F80014EC0FD717 /* Pods-CurrencyConverter-CurrencyConverterUITests.release.xcconfig */;
			buildSettings = {
				ALWAYS_EMBED_SWIFT_STANDARD_LIBRARIES = YES;
				CODE_SIGN_STYLE = Automatic;
				DEVELOPMENT_TEAM = Y8LWPD3RV8;
				INFOPLIST_FILE = CurrencyConverterUITests/Info.plist;
				LD_RUNPATH_SEARCH_PATHS = (
					"$(inherited)",
					"@executable_path/Frameworks",
					"@loader_path/Frameworks",
				);
				PRODUCT_BUNDLE_IDENTIFIER = com.dozzan.CurrencyConverterUITests;
				PRODUCT_NAME = "$(TARGET_NAME)";
				SWIFT_VERSION = 5.0;
				TARGETED_DEVICE_FAMILY = "1,2";
				TEST_TARGET_NAME = CurrencyConverter;
			};
			name = Release;
		};
/* End XCBuildConfiguration section */

/* Begin XCConfigurationList section */
		592D32CF26F2084F00E7A053 /* Build configuration list for PBXProject "CurrencyConverter" */ = {
			isa = XCConfigurationList;
			buildConfigurations = (
				592D32FC26F2085200E7A053 /* Debug */,
				592D32FD26F2085200E7A053 /* Release */,
			);
			defaultConfigurationIsVisible = 0;
			defaultConfigurationName = Release;
		};
		592D32FE26F2085200E7A053 /* Build configuration list for PBXNativeTarget "CurrencyConverter" */ = {
			isa = XCConfigurationList;
			buildConfigurations = (
				592D32FF26F2085200E7A053 /* Debug */,
				592D330026F2085200E7A053 /* Release */,
			);
			defaultConfigurationIsVisible = 0;
			defaultConfigurationName = Release;
		};
		592D330126F2085200E7A053 /* Build configuration list for PBXNativeTarget "CurrencyConverterTests" */ = {
			isa = XCConfigurationList;
			buildConfigurations = (
				592D330226F2085200E7A053 /* Debug */,
				592D330326F2085200E7A053 /* Release */,
			);
			defaultConfigurationIsVisible = 0;
			defaultConfigurationName = Release;
		};
		592D330426F2085200E7A053 /* Build configuration list for PBXNativeTarget "CurrencyConverterUITests" */ = {
			isa = XCConfigurationList;
			buildConfigurations = (
				592D330526F2085200E7A053 /* Debug */,
				592D330626F2085200E7A053 /* Release */,
			);
			defaultConfigurationIsVisible = 0;
			defaultConfigurationName = Release;
		};
/* End XCConfigurationList section */
	};
	rootObject = 592D32CC26F2084F00E7A053 /* Project object */;
}
