// !$*UTF8*$!
{
	archiveVersion = 1;
	classes = {
	};
	objectVersion = 50;
	objects = {

/* Begin PBXBuildFile section */
		592D32D826F2084F00E7A053 /* AppDelegate.swift in Sources */ = {isa = PBXBuildFile; fileRef = 592D32D726F2084F00E7A053 /* AppDelegate.swift */; };
		592D32DA26F2084F00E7A053 /* SceneDelegate.swift in Sources */ = {isa = PBXBuildFile; fileRef = 592D32D926F2084F00E7A053 /* SceneDelegate.swift */; };
		592D32DC26F2084F00E7A053 /* ViewController.swift in Sources */ = {isa = PBXBuildFile; fileRef = 592D32DB26F2084F00E7A053 /* ViewController.swift */; };
		592D32DF26F2084F00E7A053 /* Main.storyboard in Resources */ = {isa = PBXBuildFile; fileRef = 592D32DD26F2084F00E7A053 /* Main.storyboard */; };
		592D32E126F2085100E7A053 /* Assets.xcassets in Resources */ = {isa = PBXBuildFile; fileRef = 592D32E026F2085100E7A053 /* Assets.xcassets */; };
		592D32E426F2085100E7A053 /* LaunchScreen.storyboard in Resources */ = {isa = PBXBuildFile; fileRef = 592D32E226F2085100E7A053 /* LaunchScreen.storyboard */; };
		592D32EF26F2085100E7A053 /* CurrencyConverterTests.swift in Sources */ = {isa = PBXBuildFile; fileRef = 592D32EE26F2085100E7A053 /* CurrencyConverterTests.swift */; };
		592D32FA26F2085200E7A053 /* CurrencyConverterUITests.swift in Sources */ = {isa = PBXBuildFile; fileRef = 592D32F926F2085200E7A053 /* CurrencyConverterUITests.swift */; };
/* End PBXBuildFile section */

/* Begin PBXContainerItemProxy section */
		592D32EB26F2085100E7A053 /* PBXContainerItemProxy */ = {
			isa = PBXContainerItemProxy;
			containerPortal = 592D32CC26F2084F00E7A053 /* Project object */;
			proxyType = 1;
			remoteGlobalIDString = 592D32D326F2084F00E7A053;
			remoteInfo = CurrencyConverter;
		};
		592D32F626F2085200E7A053 /* PBXContainerItemProxy */ = {
			isa = PBXContainerItemProxy;
			containerPortal = 592D32CC26F2084F00E7A053 /* Project object */;
			proxyType = 1;
			remoteGlobalIDString = 592D32D326F2084F00E7A053;
			remoteInfo = CurrencyConverter;
		};
/* End PBXContainerItemProxy section */

/* Begin PBXFileReference section */
		592D32D426F2084F00E7A053 /* CurrencyConverter.app */ = {isa = PBXFileReference; explicitFileType = wrapper.application; includeInIndex = 0; path = CurrencyConverter.app; sourceTree = BUILT_PRODUCTS_DIR; };
		592D32D726F2084F00E7A053 /* AppDelegate.swift */ = {isa = PBXFileReference; lastKnownFileType = sourcecode.swift; path = AppDelegate.swift; sourceTree = "<group>"; };
		592D32D926F2084F00E7A053 /* SceneDelegate.swift */ = {isa = PBXFileReference; lastKnownFileType = sourcecode.swift; path = SceneDelegate.swift; sourceTree = "<group>"; };
		592D32DB26F2084F00E7A053 /* ViewController.swift */ = {isa = PBXFileReference; lastKnownFileType = sourcecode.swift; path = ViewController.swift; sourceTree = "<group>"; };
		592D32DE26F2084F00E7A053 /* Base */ = {isa = PBXFileReference; lastKnownFileType = file.storyboard; name = Base; path = Base.lproj/Main.storyboard; sourceTree = "<group>"; };
		592D32E026F2085100E7A053 /* Assets.xcassets */ = {isa = PBXFileReference; lastKnownFileType = folder.assetcatalog; path = Assets.xcassets; sourceTree = "<group>"; };
		592D32E326F2085100E7A053 /* Base */ = {isa = PBXFileReference; lastKnownFileType = file.storyboard; name = Base; path = Base.lproj/LaunchScreen.storyboard; sourceTree = "<group>"; };
		592D32E526F2085100E7A053 /* Info.plist */ = {isa = PBXFileReference; lastKnownFileType = text.plist.xml; path = Info.plist; sourceTree = "<group>"; };
		592D32EA26F2085100E7A053 /* CurrencyConverterTests.xctest */ = {isa = PBXFileReference; explicitFileType = wrapper.cfbundle; includeInIndex = 0; path = CurrencyConverterTests.xctest; sourceTree = BUILT_PRODUCTS_DIR; };
		592D32EE26F2085100E7A053 /* CurrencyConverterTests.swift */ = {isa = PBXFileReference; lastKnownFileType = sourcecode.swift; path = CurrencyConverterTests.swift; sourceTree = "<group>"; };
		592D32F026F2085100E7A053 /* Info.plist */ = {isa = PBXFileReference; lastKnownFileType = text.plist.xml; path = Info.plist; sourceTree = "<group>"; };
		592D32F526F2085200E7A053 /* CurrencyConverterUITests.xctest */ = {isa = PBXFileReference; explicitFileType = wrapper.cfbundle; includeInIndex = 0; path = CurrencyConverterUITests.xctest; sourceTree = BUILT_PRODUCTS_DIR; };
		592D32F926F2085200E7A053 /* CurrencyConverterUITests.swift */ = {isa = PBXFileReference; lastKnownFileType = sourcecode.swift; path = CurrencyConverterUITests.swift; sourceTree = "<group>"; };
		592D32FB26F2085200E7A053 /* Info.plist */ = {isa = PBXFileReference; lastKnownFileType = text.plist.xml; path = Info.plist; sourceTree = "<group>"; };
/* End PBXFileReference section */

/* Begin PBXFrameworksBuildPhase section */
		592D32D126F2084F00E7A053 /* Frameworks */ = {
			isa = PBXFrameworksBuildPhase;
			buildActionMask = 2147483647;
			files = (
			);
			runOnlyForDeploymentPostprocessing = 0;
		};
		592D32E726F2085100E7A053 /* Frameworks */ = {
			isa = PBXFrameworksBuildPhase;
			buildActionMask = 2147483647;
			files = (
			);
			runOnlyForDeploymentPostprocessing = 0;
		};
		592D32F226F2085200E7A053 /* Frameworks */ = {
			isa = PBXFrameworksBuildPhase;
			buildActionMask = 2147483647;
			files = (
			);
			runOnlyForDeploymentPostprocessing = 0;
		};
/* End PBXFrameworksBuildPhase section */

/* Begin PBXGroup section */
		592D32CB26F2084F00E7A053 = {
			isa = PBXGroup;
			children = (
				592D32D626F2084F00E7A053 /* CurrencyConverter */,
				592D32ED26F2085100E7A053 /* CurrencyConverterTests */,
				592D32F826F2085200E7A053 /* CurrencyConverterUITests */,
				592D32D526F2084F00E7A053 /* Products */,
			);
			sourceTree = "<group>";
		};
		592D32D526F2084F00E7A053 /* Products */ = {
			isa = PBXGroup;
			children = (
				592D32D426F2084F00E7A053 /* CurrencyConverter.app */,
				592D32EA26F2085100E7A053 /* CurrencyConverterTests.xctest */,
				592D32F526F2085200E7A053 /* CurrencyConverterUITests.xctest */,
			);
			name = Products;
			sourceTree = "<group>";
		};
		592D32D626F2084F00E7A053 /* CurrencyConverter */ = {
			isa = PBXGroup;
			children = (
				592D32D726F2084F00E7A053 /* AppDelegate.swift */,
				592D32D926F2084F00E7A053 /* SceneDelegate.swift */,
				592D32DB26F2084F00E7A053 /* ViewController.swift */,
				592D32DD26F2084F00E7A053 /* Main.storyboard */,
				592D32E026F2085100E7A053 /* Assets.xcassets */,
				592D32E226F2085100E7A053 /* LaunchScreen.storyboard */,
				592D32E526F2085100E7A053 /* Info.plist */,
			);
			path = CurrencyConverter;
			sourceTree = "<group>";
		};
		592D32ED26F2085100E7A053 /* CurrencyConverterTests */ = {
			isa = PBXGroup;
			children = (
				592D32EE26F2085100E7A053 /* CurrencyConverterTests.swift */,
				592D32F026F2085100E7A053 /* Info.plist */,
			);
			path = CurrencyConverterTests;
			sourceTree = "<group>";
		};
		592D32F826F2085200E7A053 /* CurrencyConverterUITests */ = {
			isa = PBXGroup;
			children = (
				592D32F926F2085200E7A053 /* CurrencyConverterUITests.swift */,
				592D32FB26F2085200E7A053 /* Info.plist */,
			);
			path = CurrencyConverterUITests;
			sourceTree = "<group>";
		};
/* End PBXGroup section */

/* Begin PBXNativeTarget section */
		592D32D326F2084F00E7A053 /* CurrencyConverter */ = {
			isa = PBXNativeTarget;
			buildConfigurationList = 592D32FE26F2085200E7A053 /* Build configuration list for PBXNativeTarget "CurrencyConverter" */;
			buildPhases = (
				592D32D026F2084F00E7A053 /* Sources */,
				592D32D126F2084F00E7A053 /* Frameworks */,
				592D32D226F2084F00E7A053 /* Resources */,
			);
			buildRules = (
			);
			dependencies = (
			);
			name = CurrencyConverter;
			productName = CurrencyConverter;
			productReference = 592D32D426F2084F00E7A053 /* CurrencyConverter.app */;
			productType = "com.apple.product-type.application";
		};
		592D32E926F2085100E7A053 /* CurrencyConverterTests */ = {
			isa = PBXNativeTarget;
			buildConfigurationList = 592D330126F2085200E7A053 /* Build configuration list for PBXNativeTarget "CurrencyConverterTests" */;
			buildPhases = (
				592D32E626F2085100E7A053 /* Sources */,
				592D32E726F2085100E7A053 /* Frameworks */,
				592D32E826F2085100E7A053 /* Resources */,
			);
			buildRules = (
			);
			dependencies = (
				592D32EC26F2085100E7A053 /* PBXTargetDependency */,
			);
			name = CurrencyConverterTests;
			productName = CurrencyConverterTests;
			productReference = 592D32EA26F2085100E7A053 /* CurrencyConverterTests.xctest */;
			productType = "com.apple.product-type.bundle.unit-test";
		};
		592D32F426F2085200E7A053 /* CurrencyConverterUITests */ = {
			isa = PBXNativeTarget;
			buildConfigurationList = 592D330426F2085200E7A053 /* Build configuration list for PBXNativeTarget "CurrencyConverterUITests" */;
			buildPhases = (
				592D32F126F2085200E7A053 /* Sources */,
				592D32F226F2085200E7A053 /* Frameworks */,
				592D32F326F2085200E7A053 /* Resources */,
			);
			buildRules = (
			);
			dependencies = (
				592D32F726F2085200E7A053 /* PBXTargetDependency */,
			);
			name = CurrencyConverterUITests;
			productName = CurrencyConverterUITests;
			productReference = 592D32F526F2085200E7A053 /* CurrencyConverterUITests.xctest */;
			productType = "com.apple.product-type.bundle.ui-testing";
		};
/* End PBXNativeTarget section */

/* Begin PBXProject section */
		592D32CC26F2084F00E7A053 /* Project object */ = {
			isa = PBXProject;
			attributes = {
				LastSwiftUpdateCheck = 1250;
				LastUpgradeCheck = 1250;
				TargetAttributes = {
					592D32D326F2084F00E7A053 = {
						CreatedOnToolsVersion = 12.5.1;
					};
					592D32E926F2085100E7A053 = {
						CreatedOnToolsVersion = 12.5.1;
						TestTargetID = 592D32D326F2084F00E7A053;
					};
					592D32F426F2085200E7A053 = {
						CreatedOnToolsVersion = 12.5.1;
						TestTargetID = 592D32D326F2084F00E7A053;
					};
				};
			};
			buildConfigurationList = 592D32CF26F2084F00E7A053 /* Build configuration list for PBXProject "CurrencyConverter" */;
			compatibilityVersion = "Xcode 9.3";
			developmentRegion = en;
			hasScannedForEncodings = 0;
			knownRegions = (
				en,
				Base,
			);
			mainGroup = 592D32CB26F2084F00E7A053;
			productRefGroup = 592D32D526F2084F00E7A053 /* Products */;
			projectDirPath = "";
			projectRoot = "";
			targets = (
				592D32D326F2084F00E7A053 /* CurrencyConverter */,
				592D32E926F2085100E7A053 /* CurrencyConverterTests */,
				592D32F426F2085200E7A053 /* CurrencyConverterUITests */,
			);
		};
/* End PBXProject section */

/* Begin PBXResourcesBuildPhase section */
		592D32D226F2084F00E7A053 /* Resources */ = {
			isa = PBXResourcesBuildPhase;
			buildActionMask = 2147483647;
			files = (
				592D32E426F2085100E7A053 /* LaunchScreen.storyboard in Resources */,
				592D32E126F2085100E7A053 /* Assets.xcassets in Resources */,
				592D32DF26F2084F00E7A053 /* Main.storyboard in Resources */,
			);
			runOnlyForDeploymentPostprocessing = 0;
		};
		592D32E826F2085100E7A053 /* Resources */ = {
			isa = PBXResourcesBuildPhase;
			buildActionMask = 2147483647;
			files = (
			);
			runOnlyForDeploymentPostprocessing = 0;
		};
		592D32F326F2085200E7A053 /* Resources */ = {
			isa = PBXResourcesBuildPhase;
			buildActionMask = 2147483647;
			files = (
			);
			runOnlyForDeploymentPostprocessing = 0;
		};
/* End PBXResourcesBuildPhase section */

/* Begin PBXSourcesBuildPhase section */
		592D32D026F2084F00E7A053 /* Sources */ = {
			isa = PBXSourcesBuildPhase;
			buildActionMask = 2147483647;
			files = (
				592D32DC26F2084F00E7A053 /* ViewController.swift in Sources */,
				592D32D826F2084F00E7A053 /* AppDelegate.swift in Sources */,
				592D32DA26F2084F00E7A053 /* SceneDelegate.swift in Sources */,
			);
			runOnlyForDeploymentPostprocessing = 0;
		};
		592D32E626F2085100E7A053 /* Sources */ = {
			isa = PBXSourcesBuildPhase;
			buildActionMask = 2147483647;
			files = (
				592D32EF26F2085100E7A053 /* CurrencyConverterTests.swift in Sources */,
			);
			runOnlyForDeploymentPostprocessing = 0;
		};
		592D32F126F2085200E7A053 /* Sources */ = {
			isa = PBXSourcesBuildPhase;
			buildActionMask = 2147483647;
			files = (
				592D32FA26F2085200E7A053 /* CurrencyConverterUITests.swift in Sources */,
			);
			runOnlyForDeploymentPostprocessing = 0;
		};
/* End PBXSourcesBuildPhase section */

/* Begin PBXTargetDependency section */
		592D32EC26F2085100E7A053 /* PBXTargetDependency */ = {
			isa = PBXTargetDependency;
			target = 592D32D326F2084F00E7A053 /* CurrencyConverter */;
			targetProxy = 592D32EB26F2085100E7A053 /* PBXContainerItemProxy */;
		};
		592D32F726F2085200E7A053 /* PBXTargetDependency */ = {
			isa = PBXTargetDependency;
			target = 592D32D326F2084F00E7A053 /* CurrencyConverter */;
			targetProxy = 592D32F626F2085200E7A053 /* PBXContainerItemProxy */;
		};
/* End PBXTargetDependency section */

/* Begin PBXVariantGroup section */
		592D32DD26F2084F00E7A053 /* Main.storyboard */ = {
			isa = PBXVariantGroup;
			children = (
				592D32DE26F2084F00E7A053 /* Base */,
			);
			name = Main.storyboard;
			sourceTree = "<group>";
		};
		592D32E226F2085100E7A053 /* LaunchScreen.storyboard */ = {
			isa = PBXVariantGroup;
			children = (
				592D32E326F2085100E7A053 /* Base */,
			);
			name = LaunchScreen.storyboard;
			sourceTree = "<group>";
		};
/* End PBXVariantGroup section */

/* Begin XCBuildConfiguration section */
		592D32FC26F2085200E7A053 /* Debug */ = {
			isa = XCBuildConfiguration;
			buildSettings = {
				ALWAYS_SEARCH_USER_PATHS = NO;
				CLANG_ANALYZER_NONNULL = YES;
				CLANG_ANALYZER_NUMBER_OBJECT_CONVERSION = YES_AGGRESSIVE;
				CLANG_CXX_LANGUAGE_STANDARD = "gnu++14";
				CLANG_CXX_LIBRARY = "libc++";
				CLANG_ENABLE_MODULES = YES;
				CLANG_ENABLE_OBJC_ARC = YES;
				CLANG_ENABLE_OBJC_WEAK = YES;
				CLANG_WARN_BLOCK_CAPTURE_AUTORELEASING = YES;
				CLANG_WARN_BOOL_CONVERSION = YES;
				CLANG_WARN_COMMA = YES;
				CLANG_WARN_CONSTANT_CONVERSION = YES;
				CLANG_WARN_DEPRECATED_OBJC_IMPLEMENTATIONS = YES;
				CLANG_WARN_DIRECT_OBJC_ISA_USAGE = YES_ERROR;
				CLANG_WARN_DOCUMENTATION_COMMENTS = YES;
				CLANG_WARN_EMPTY_BODY = YES;
				CLANG_WARN_ENUM_CONVERSION = YES;
				CLANG_WARN_INFINITE_RECURSION = YES;
				CLANG_WARN_INT_CONVERSION = YES;
				CLANG_WARN_NON_LITERAL_NULL_CONVERSION = YES;
				CLANG_WARN_OBJC_IMPLICIT_RETAIN_SELF = YES;
				CLANG_WARN_OBJC_LITERAL_CONVERSION = YES;
				CLANG_WARN_OBJC_ROOT_CLASS = YES_ERROR;
				CLANG_WARN_QUOTED_INCLUDE_IN_FRAMEWORK_HEADER = YES;
				CLANG_WARN_RANGE_LOOP_ANALYSIS = YES;
				CLANG_WARN_STRICT_PROTOTYPES = YES;
				CLANG_WARN_SUSPICIOUS_MOVE = YES;
				CLANG_WARN_UNGUARDED_AVAILABILITY = YES_AGGRESSIVE;
				CLANG_WARN_UNREACHABLE_CODE = YES;
				CLANG_WARN__DUPLICATE_METHOD_MATCH = YES;
				COPY_PHASE_STRIP = NO;
				DEBUG_INFORMATION_FORMAT = dwarf;
				ENABLE_STRICT_OBJC_MSGSEND = YES;
				ENABLE_TESTABILITY = YES;
				GCC_C_LANGUAGE_STANDARD = gnu11;
				GCC_DYNAMIC_NO_PIC = NO;
				GCC_NO_COMMON_BLOCKS = YES;
				GCC_OPTIMIZATION_LEVEL = 0;
				GCC_PREPROCESSOR_DEFINITIONS = (
					"DEBUG=1",
					"$(inherited)",
				);
				GCC_WARN_64_TO_32_BIT_CONVERSION = YES;
				GCC_WARN_ABOUT_RETURN_TYPE = YES_ERROR;
				GCC_WARN_UNDECLARED_SELECTOR = YES;
				GCC_WARN_UNINITIALIZED_AUTOS = YES_AGGRESSIVE;
				GCC_WARN_UNUSED_FUNCTION = YES;
				GCC_WARN_UNUSED_VARIABLE = YES;
				IPHONEOS_DEPLOYMENT_TARGET = 14.5;
				MTL_ENABLE_DEBUG_INFO = INCLUDE_SOURCE;
				MTL_FAST_MATH = YES;
				ONLY_ACTIVE_ARCH = YES;
				SDKROOT = iphoneos;
				SWIFT_ACTIVE_COMPILATION_CONDITIONS = DEBUG;
				SWIFT_OPTIMIZATION_LEVEL = "-Onone";
			};
			name = Debug;
		};
		592D32FD26F2085200E7A053 /* Release */ = {
			isa = XCBuildConfiguration;
			buildSettings = {
				ALWAYS_SEARCH_USER_PATHS = NO;
				CLANG_ANALYZER_NONNULL = YES;
				CLANG_ANALYZER_NUMBER_OBJECT_CONVERSION = YES_AGGRESSIVE;
				CLANG_CXX_LANGUAGE_STANDARD = "gnu++14";
				CLANG_CXX_LIBRARY = "libc++";
				CLANG_ENABLE_MODULES = YES;
				CLANG_ENABLE_OBJC_ARC = YES;
				CLANG_ENABLE_OBJC_WEAK = YES;
				CLANG_WARN_BLOCK_CAPTURE_AUTORELEASING = YES;
				CLANG_WARN_BOOL_CONVERSION = YES;
				CLANG_WARN_COMMA = YES;
				CLANG_WARN_CONSTANT_CONVERSION = YES;
				CLANG_WARN_DEPRECATED_OBJC_IMPLEMENTATIONS = YES;
				CLANG_WARN_DIRECT_OBJC_ISA_USAGE = YES_ERROR;
				CLANG_WARN_DOCUMENTATION_COMMENTS = YES;
				CLANG_WARN_EMPTY_BODY = YES;
				CLANG_WARN_ENUM_CONVERSION = YES;
				CLANG_WARN_INFINITE_RECURSION = YES;
				CLANG_WARN_INT_CONVERSION = YES;
				CLANG_WARN_NON_LITERAL_NULL_CONVERSION = YES;
				CLANG_WARN_OBJC_IMPLICIT_RETAIN_SELF = YES;
				CLANG_WARN_OBJC_LITERAL_CONVERSION = YES;
				CLANG_WARN_OBJC_ROOT_CLASS = YES_ERROR;
				CLANG_WARN_QUOTED_INCLUDE_IN_FRAMEWORK_HEADER = YES;
				CLANG_WARN_RANGE_LOOP_ANALYSIS = YES;
				CLANG_WARN_STRICT_PROTOTYPES = YES;
				CLANG_WARN_SUSPICIOUS_MOVE = YES;
				CLANG_WARN_UNGUARDED_AVAILABILITY = YES_AGGRESSIVE;
				CLANG_WARN_UNREACHABLE_CODE = YES;
				CLANG_WARN__DUPLICATE_METHOD_MATCH = YES;
				COPY_PHASE_STRIP = NO;
				DEBUG_INFORMATION_FORMAT = "dwarf-with-dsym";
				ENABLE_NS_ASSERTIONS = NO;
				ENABLE_STRICT_OBJC_MSGSEND = YES;
				GCC_C_LANGUAGE_STANDARD = gnu11;
				GCC_NO_COMMON_BLOCKS = YES;
				GCC_WARN_64_TO_32_BIT_CONVERSION = YES;
				GCC_WARN_ABOUT_RETURN_TYPE = YES_ERROR;
				GCC_WARN_UNDECLARED_SELECTOR = YES;
				GCC_WARN_UNINITIALIZED_AUTOS = YES_AGGRESSIVE;
				GCC_WARN_UNUSED_FUNCTION = YES;
				GCC_WARN_UNUSED_VARIABLE = YES;
				IPHONEOS_DEPLOYMENT_TARGET = 14.5;
				MTL_ENABLE_DEBUG_INFO = NO;
				MTL_FAST_MATH = YES;
				SDKROOT = iphoneos;
				SWIFT_COMPILATION_MODE = wholemodule;
				SWIFT_OPTIMIZATION_LEVEL = "-O";
				VALIDATE_PRODUCT = YES;
			};
			name = Release;
		};
		592D32FF26F2085200E7A053 /* Debug */ = {
			isa = XCBuildConfiguration;
			buildSettings = {
				ASSETCATALOG_COMPILER_APPICON_NAME = AppIcon;
				ASSETCATALOG_COMPILER_GLOBAL_ACCENT_COLOR_NAME = AccentColor;
				CODE_SIGN_STYLE = Automatic;
				DEVELOPMENT_TEAM = Y8LWPD3RV8;
				INFOPLIST_FILE = CurrencyConverter/Info.plist;
				LD_RUNPATH_SEARCH_PATHS = (
					"$(inherited)",
					"@executable_path/Frameworks",
				);
				PRODUCT_BUNDLE_IDENTIFIER = com.dozzan.CurrencyConverter;
				PRODUCT_NAME = "$(TARGET_NAME)";
				SWIFT_VERSION = 5.0;
				TARGETED_DEVICE_FAMILY = "1,2";
			};
			name = Debug;
		};
		592D330026F2085200E7A053 /* Release */ = {
			isa = XCBuildConfiguration;
			buildSettings = {
				ASSETCATALOG_COMPILER_APPICON_NAME = AppIcon;
				ASSETCATALOG_COMPILER_GLOBAL_ACCENT_COLOR_NAME = AccentColor;
				CODE_SIGN_STYLE = Automatic;
				DEVELOPMENT_TEAM = Y8LWPD3RV8;
				INFOPLIST_FILE = CurrencyConverter/Info.plist;
				LD_RUNPATH_SEARCH_PATHS = (
					"$(inherited)",
					"@executable_path/Frameworks",
				);
				PRODUCT_BUNDLE_IDENTIFIER = com.dozzan.CurrencyConverter;
				PRODUCT_NAME = "$(TARGET_NAME)";
				SWIFT_VERSION = 5.0;
				TARGETED_DEVICE_FAMILY = "1,2";
			};
			name = Release;
		};
		592D330226F2085200E7A053 /* Debug */ = {
			isa = XCBuildConfiguration;
			buildSettings = {
				ALWAYS_EMBED_SWIFT_STANDARD_LIBRARIES = YES;
				BUNDLE_LOADER = "$(TEST_HOST)";
				CODE_SIGN_STYLE = Automatic;
				DEVELOPMENT_TEAM = Y8LWPD3RV8;
				INFOPLIST_FILE = CurrencyConverterTests/Info.plist;
				IPHONEOS_DEPLOYMENT_TARGET = 14.5;
				LD_RUNPATH_SEARCH_PATHS = (
					"$(inherited)",
					"@executable_path/Frameworks",
					"@loader_path/Frameworks",
				);
				PRODUCT_BUNDLE_IDENTIFIER = com.dozzan.CurrencyConverterTests;
				PRODUCT_NAME = "$(TARGET_NAME)";
				SWIFT_VERSION = 5.0;
				TARGETED_DEVICE_FAMILY = "1,2";
				TEST_HOST = "$(BUILT_PRODUCTS_DIR)/CurrencyConverter.app/CurrencyConverter";
			};
			name = Debug;
		};
		592D330326F2085200E7A053 /* Release */ = {
			isa = XCBuildConfiguration;
			buildSettings = {
				ALWAYS_EMBED_SWIFT_STANDARD_LIBRARIES = YES;
				BUNDLE_LOADER = "$(TEST_HOST)";
				CODE_SIGN_STYLE = Automatic;
				DEVELOPMENT_TEAM = Y8LWPD3RV8;
				INFOPLIST_FILE = CurrencyConverterTests/Info.plist;
				IPHONEOS_DEPLOYMENT_TARGET = 14.5;
				LD_RUNPATH_SEARCH_PATHS = (
					"$(inherited)",
					"@executable_path/Frameworks",
					"@loader_path/Frameworks",
				);
				PRODUCT_BUNDLE_IDENTIFIER = com.dozzan.CurrencyConverterTests;
				PRODUCT_NAME = "$(TARGET_NAME)";
				SWIFT_VERSION = 5.0;
				TARGETED_DEVICE_FAMILY = "1,2";
				TEST_HOST = "$(BUILT_PRODUCTS_DIR)/CurrencyConverter.app/CurrencyConverter";
			};
			name = Release;
		};
		592D330526F2085200E7A053 /* Debug */ = {
			isa = XCBuildConfiguration;
			buildSettings = {
				ALWAYS_EMBED_SWIFT_STANDARD_LIBRARIES = YES;
				CODE_SIGN_STYLE = Automatic;
				DEVELOPMENT_TEAM = Y8LWPD3RV8;
				INFOPLIST_FILE = CurrencyConverterUITests/Info.plist;
				LD_RUNPATH_SEARCH_PATHS = (
					"$(inherited)",
					"@executable_path/Frameworks",
					"@loader_path/Frameworks",
				);
				PRODUCT_BUNDLE_IDENTIFIER = com.dozzan.CurrencyConverterUITests;
				PRODUCT_NAME = "$(TARGET_NAME)";
				SWIFT_VERSION = 5.0;
				TARGETED_DEVICE_FAMILY = "1,2";
				TEST_TARGET_NAME = CurrencyConverter;
			};
			name = Debug;
		};
		592D330626F2085200E7A053 /* Release */ = {
			isa = XCBuildConfiguration;
			buildSettings = {
				ALWAYS_EMBED_SWIFT_STANDARD_LIBRARIES = YES;
				CODE_SIGN_STYLE = Automatic;
				DEVELOPMENT_TEAM = Y8LWPD3RV8;
				INFOPLIST_FILE = CurrencyConverterUITests/Info.plist;
				LD_RUNPATH_SEARCH_PATHS = (
					"$(inherited)",
					"@executable_path/Frameworks",
					"@loader_path/Frameworks",
				);
				PRODUCT_BUNDLE_IDENTIFIER = com.dozzan.CurrencyConverterUITests;
				PRODUCT_NAME = "$(TARGET_NAME)";
				SWIFT_VERSION = 5.0;
				TARGETED_DEVICE_FAMILY = "1,2";
				TEST_TARGET_NAME = CurrencyConverter;
			};
			name = Release;
		};
/* End XCBuildConfiguration section */

/* Begin XCConfigurationList section */
		592D32CF26F2084F00E7A053 /* Build configuration list for PBXProject "CurrencyConverter" */ = {
			isa = XCConfigurationList;
			buildConfigurations = (
				592D32FC26F2085200E7A053 /* Debug */,
				592D32FD26F2085200E7A053 /* Release */,
			);
			defaultConfigurationIsVisible = 0;
			defaultConfigurationName = Release;
		};
		592D32FE26F2085200E7A053 /* Build configuration list for PBXNativeTarget "CurrencyConverter" */ = {
			isa = XCConfigurationList;
			buildConfigurations = (
				592D32FF26F2085200E7A053 /* Debug */,
				592D330026F2085200E7A053 /* Release */,
			);
			defaultConfigurationIsVisible = 0;
			defaultConfigurationName = Release;
		};
		592D330126F2085200E7A053 /* Build configuration list for PBXNativeTarget "CurrencyConverterTests" */ = {
			isa = XCConfigurationList;
			buildConfigurations = (
				592D330226F2085200E7A053 /* Debug */,
				592D330326F2085200E7A053 /* Release */,
			);
			defaultConfigurationIsVisible = 0;
			defaultConfigurationName = Release;
		};
		592D330426F2085200E7A053 /* Build configuration list for PBXNativeTarget "CurrencyConverterUITests" */ = {
			isa = XCConfigurationList;
			buildConfigurations = (
				592D330526F2085200E7A053 /* Debug */,
				592D330626F2085200E7A053 /* Release */,
			);
			defaultConfigurationIsVisible = 0;
			defaultConfigurationName = Release;
		};
/* End XCConfigurationList section */
	};
	rootObject = 592D32CC26F2084F00E7A053 /* Project object */;
}
